
Microsoft Visual Studio Solution File, Format Version 12.00
# Visual Studio Version 16
VisualStudioVersion = 16.0.29613.14
MinimumVisualStudioVersion = 10.0.40219.1
Project("{FAE04EC0-301F-11D3-BF4B-00C04F79EFBC}") = "BookListRazor", "BookListRazor\BookListRazor.csproj", "{6C032785-EE6D-4BF2-90D7-5E564FA0648E}"
EndProject
Global
	GlobalSection(SolutionConfigurationPlatforms) = preSolution
		Debug|Any CPU = Debug|Any CPU
		Release|Any CPU = Release|Any CPU
	EndGlobalSection
	GlobalSection(ProjectConfigurationPlatforms) = postSolution
		{6C032785-EE6D-4BF2-90D7-5E564FA0648E}.Debug|Any CPU.ActiveCfg = Debug|Any CPU
		{6C032785-EE6D-4BF2-90D7-5E564FA0648E}.Debug|Any CPU.Build.0 = Debug|Any CPU
		{6C032785-EE6D-4BF2-90D7-5E564FA0648E}.Release|Any CPU.ActiveCfg = Release|Any CPU
		{6C032785-EE6D-4BF2-90D7-5E564FA0648E}.Release|Any CPU.Build.0 = Release|Any CPU
	EndGlobalSection
	GlobalSection(SolutionProperties) = preSolution
		HideSolutionNode = FALSE
	EndGlobalSection
	GlobalSection(ExtensibilityGlobals) = postSolution
		SolutionGuid = {5230D6E5-89F0-4ADC-AFFF-3BEC12FB1326}
	EndGlobalSection
EndGlobal
